
Microsoft Visual Studio Solution File, Format Version 11.00
# Visual Studio 2010
# SharpDevelop 5.1
Project("{FAE04EC0-301F-11D3-BF4B-00C04F79EFBC}") = "proyectografico1", "proyectografico1\proyectografico1.csproj", "{290E2171-8DB0-4DE1-9EB0-2FF4FBF375CC}"
EndProject
Global
	GlobalSection(SolutionConfigurationPlatforms) = preSolution
		Debug|Any CPU = Debug|Any CPU
		Release|Any CPU = Release|Any CPU
	EndGlobalSection
	GlobalSection(ProjectConfigurationPlatforms) = postSolution
		{290E2171-8DB0-4DE1-9EB0-2FF4FBF375CC}.Debug|Any CPU.ActiveCfg = Debug|Any CPU
		{290E2171-8DB0-4DE1-9EB0-2FF4FBF375CC}.Debug|Any CPU.Build.0 = Debug|Any CPU
		{290E2171-8DB0-4DE1-9EB0-2FF4FBF375CC}.Release|Any CPU.ActiveCfg = Release|Any CPU
		{290E2171-8DB0-4DE1-9EB0-2FF4FBF375CC}.Release|Any CPU.Build.0 = Release|Any CPU
	EndGlobalSection
EndGlobal
